
Microsoft Visual Studio Solution File, Format Version 12.00
# Visual Studio Version 17
VisualStudioVersion = 17.6.33815.320
MinimumVisualStudioVersion = 10.0.40219.1
Project("{9A19103F-16F7-4668-BE54-9A1E7A4F7556}") = "LogicalCohesion", "LogicalCohesion.csproj", "{07F7A4B5-2982-4E3E-9184-43898376278E}"
EndProject
Global
	GlobalSection(SolutionConfigurationPlatforms) = preSolution
		Debug|Any CPU = Debug|Any CPU
		Release|Any CPU = Release|Any CPU
	EndGlobalSection
	GlobalSection(ProjectConfigurationPlatforms) = postSolution
		{07F7A4B5-2982-4E3E-9184-43898376278E}.Debug|Any CPU.ActiveCfg = Debug|Any CPU
		{07F7A4B5-2982-4E3E-9184-43898376278E}.Debug|Any CPU.Build.0 = Debug|Any CPU
		{07F7A4B5-2982-4E3E-9184-43898376278E}.Release|Any CPU.ActiveCfg = Release|Any CPU
		{07F7A4B5-2982-4E3E-9184-43898376278E}.Release|Any CPU.Build.0 = Release|Any CPU
	EndGlobalSection
	GlobalSection(SolutionProperties) = preSolution
		HideSolutionNode = FALSE
	EndGlobalSection
	GlobalSection(ExtensibilityGlobals) = postSolution
		SolutionGuid = {6B77D730-289E-44EA-BE7A-D527B2302875}
	EndGlobalSection
EndGlobal
