
Microsoft Visual Studio Solution File, Format Version 12.00
# Visual Studio Version 17
VisualStudioVersion = 17.6.33815.320
MinimumVisualStudioVersion = 10.0.40219.1
Project("{9A19103F-16F7-4668-BE54-9A1E7A4F7556}") = "ContentCoupling", "ContentCoupling.csproj", "{80A832E5-90C9-43D7-AFEE-6BA325E35D83}"
EndProject
Global
	GlobalSection(SolutionConfigurationPlatforms) = preSolution
		Debug|Any CPU = Debug|Any CPU
		Release|Any CPU = Release|Any CPU
	EndGlobalSection
	GlobalSection(ProjectConfigurationPlatforms) = postSolution
		{80A832E5-90C9-43D7-AFEE-6BA325E35D83}.Debug|Any CPU.ActiveCfg = Debug|Any CPU
		{80A832E5-90C9-43D7-AFEE-6BA325E35D83}.Debug|Any CPU.Build.0 = Debug|Any CPU
		{80A832E5-90C9-43D7-AFEE-6BA325E35D83}.Release|Any CPU.ActiveCfg = Release|Any CPU
		{80A832E5-90C9-43D7-AFEE-6BA325E35D83}.Release|Any CPU.Build.0 = Release|Any CPU
	EndGlobalSection
	GlobalSection(SolutionProperties) = preSolution
		HideSolutionNode = FALSE
	EndGlobalSection
	GlobalSection(ExtensibilityGlobals) = postSolution
		SolutionGuid = {0A6C4745-4D69-43BD-84FA-E9E619508ACD}
	EndGlobalSection
EndGlobal
