
Microsoft Visual Studio Solution File, Format Version 12.00
# Visual Studio Version 17
VisualStudioVersion = 17.6.33815.320
MinimumVisualStudioVersion = 10.0.40219.1
Project("{9A19103F-16F7-4668-BE54-9A1E7A4F7556}") = "CoincidentalCohesion", "CoincidentalCohesion.csproj", "{1257446E-1E8E-40A9-8A29-DF9E2D6EF30F}"
EndProject
Global
	GlobalSection(SolutionConfigurationPlatforms) = preSolution
		Debug|Any CPU = Debug|Any CPU
		Release|Any CPU = Release|Any CPU
	EndGlobalSection
	GlobalSection(ProjectConfigurationPlatforms) = postSolution
		{1257446E-1E8E-40A9-8A29-DF9E2D6EF30F}.Debug|Any CPU.ActiveCfg = Debug|Any CPU
		{1257446E-1E8E-40A9-8A29-DF9E2D6EF30F}.Debug|Any CPU.Build.0 = Debug|Any CPU
		{1257446E-1E8E-40A9-8A29-DF9E2D6EF30F}.Release|Any CPU.ActiveCfg = Release|Any CPU
		{1257446E-1E8E-40A9-8A29-DF9E2D6EF30F}.Release|Any CPU.Build.0 = Release|Any CPU
	EndGlobalSection
	GlobalSection(SolutionProperties) = preSolution
		HideSolutionNode = FALSE
	EndGlobalSection
	GlobalSection(ExtensibilityGlobals) = postSolution
		SolutionGuid = {EF510FC9-B65B-49D5-87B2-30B062F0AA40}
	EndGlobalSection
EndGlobal
