
Microsoft Visual Studio Solution File, Format Version 12.00
# Visual Studio Version 17
VisualStudioVersion = 17.6.33815.320
MinimumVisualStudioVersion = 10.0.40219.1
Project("{9A19103F-16F7-4668-BE54-9A1E7A4F7556}") = "DataCoupling", "DataCoupling.csproj", "{2F72F6C0-CC18-4261-8A7F-1A8D2F23BE41}"
EndProject
Global
	GlobalSection(SolutionConfigurationPlatforms) = preSolution
		Debug|Any CPU = Debug|Any CPU
		Release|Any CPU = Release|Any CPU
	EndGlobalSection
	GlobalSection(ProjectConfigurationPlatforms) = postSolution
		{2F72F6C0-CC18-4261-8A7F-1A8D2F23BE41}.Debug|Any CPU.ActiveCfg = Debug|Any CPU
		{2F72F6C0-CC18-4261-8A7F-1A8D2F23BE41}.Debug|Any CPU.Build.0 = Debug|Any CPU
		{2F72F6C0-CC18-4261-8A7F-1A8D2F23BE41}.Release|Any CPU.ActiveCfg = Release|Any CPU
		{2F72F6C0-CC18-4261-8A7F-1A8D2F23BE41}.Release|Any CPU.Build.0 = Release|Any CPU
	EndGlobalSection
	GlobalSection(SolutionProperties) = preSolution
		HideSolutionNode = FALSE
	EndGlobalSection
	GlobalSection(ExtensibilityGlobals) = postSolution
		SolutionGuid = {F06927C1-5746-43A3-9547-CCE58CCBC9B3}
	EndGlobalSection
EndGlobal
