
Microsoft Visual Studio Solution File, Format Version 12.00
# Visual Studio Version 17
VisualStudioVersion = 17.6.33815.320
MinimumVisualStudioVersion = 10.0.40219.1
Project("{9A19103F-16F7-4668-BE54-9A1E7A4F7556}") = "NoDirectCoupling", "NoDirectCoupling.csproj", "{A5996D04-4429-4189-9810-4AF33B964EDC}"
EndProject
Global
	GlobalSection(SolutionConfigurationPlatforms) = preSolution
		Debug|Any CPU = Debug|Any CPU
		Release|Any CPU = Release|Any CPU
	EndGlobalSection
	GlobalSection(ProjectConfigurationPlatforms) = postSolution
		{A5996D04-4429-4189-9810-4AF33B964EDC}.Debug|Any CPU.ActiveCfg = Debug|Any CPU
		{A5996D04-4429-4189-9810-4AF33B964EDC}.Debug|Any CPU.Build.0 = Debug|Any CPU
		{A5996D04-4429-4189-9810-4AF33B964EDC}.Release|Any CPU.ActiveCfg = Release|Any CPU
		{A5996D04-4429-4189-9810-4AF33B964EDC}.Release|Any CPU.Build.0 = Release|Any CPU
	EndGlobalSection
	GlobalSection(SolutionProperties) = preSolution
		HideSolutionNode = FALSE
	EndGlobalSection
	GlobalSection(ExtensibilityGlobals) = postSolution
		SolutionGuid = {617D85D1-3197-4D16-A8BC-4C4EE472E9C1}
	EndGlobalSection
EndGlobal
